
Microsoft Visual Studio Solution File, Format Version 12.00
# Visual Studio 15
VisualStudioVersion = 15.0.34526.175
MinimumVisualStudioVersion = 10.0.40219.1
Project("{FAE04EC0-301F-11D3-BF4B-00C04F79EFBC}") = "WindowsFormsApp3", "WindowsFormsApp3\WindowsFormsApp3.csproj", "{8069E1B5-4E25-4A32-BAA7-93D651DED989}"
EndProject
Global
	GlobalSection(SolutionConfigurationPlatforms) = preSolution
		Debug|Any CPU = Debug|Any CPU
		Release|Any CPU = Release|Any CPU
	EndGlobalSection
	GlobalSection(ProjectConfigurationPlatforms) = postSolution
		{8069E1B5-4E25-4A32-BAA7-93D651DED989}.Debug|Any CPU.ActiveCfg = Debug|Any CPU
		{8069E1B5-4E25-4A32-BAA7-93D651DED989}.Debug|Any CPU.Build.0 = Debug|Any CPU
		{8069E1B5-4E25-4A32-BAA7-93D651DED989}.Release|Any CPU.ActiveCfg = Release|Any CPU
		{8069E1B5-4E25-4A32-BAA7-93D651DED989}.Release|Any CPU.Build.0 = Release|Any CPU
	EndGlobalSection
	GlobalSection(SolutionProperties) = preSolution
		HideSolutionNode = FALSE
	EndGlobalSection
	GlobalSection(ExtensibilityGlobals) = postSolution
		SolutionGuid = {AD9BB8F8-0606-4DBD-AC31-7125D8CDA21A}
	EndGlobalSection
EndGlobal
